PODS:
  - Mantle (2.0.7):
    - Mantle/extobjc (= 2.0.7)
  - Mantle/extobjc (2.0.7)
  - MJRefresh (3.1.0)
  - SDWebImage (3.7.6):
    - SDWebImage/Core (= 3.7.6)
  - SDWebImage/Core (3.7.6)

DEPENDENCIES:
  - Mantle (~> 2.0.7)
  - MJRefresh (~> 3.1.0)
  - SDWebImage (~> 3.7.6)

SPEC CHECKSUMS:
  Mantle: bc40bb061d8c2c6fb48d5083e04d928c3b7f73d9
  MJRefresh: 743e6404967d1c2c688472ea3ecfde247d872db4
  SDWebImage: c325cf02c30337336b95beff20a13df489ec0ec9

COCOAPODS: 0.39.0
